
Microsoft Visual Studio Solution File, Format Version 12.00
# Visual Studio 15
VisualStudioVersion = 15.0.34112.143
MinimumVisualStudioVersion = 10.0.40219.1
Project("{FAE04EC0-301F-11D3-BF4B-00C04F79EFBC}") = "BLUDBE", "BLUDBE\BLUDBE.csproj", "{CF53E6A4-A12D-407F-B296-8666E2553538}"
EndProject
Global
	GlobalSection(SolutionConfigurationPlatforms) = preSolution
		Debug|Any CPU = Debug|Any CPU
		Release|Any CPU = Release|Any CPU
	EndGlobalSection
	GlobalSection(ProjectConfigurationPlatforms) = postSolution
		{CF53E6A4-A12D-407F-B296-8666E2553538}.Debug|Any CPU.ActiveCfg = Debug|Any CPU
		{CF53E6A4-A12D-407F-B296-8666E2553538}.Debug|Any CPU.Build.0 = Debug|Any CPU
		{CF53E6A4-A12D-407F-B296-8666E2553538}.Release|Any CPU.ActiveCfg = Release|Any CPU
		{CF53E6A4-A12D-407F-B296-8666E2553538}.Release|Any CPU.Build.0 = Release|Any CPU
	EndGlobalSection
	GlobalSection(SolutionProperties) = preSolution
		HideSolutionNode = FALSE
	EndGlobalSection
	GlobalSection(ExtensibilityGlobals) = postSolution
		SolutionGuid = {343FAE69-8B35-454E-9E31-7FB3BBBC01A1}
	EndGlobalSection
EndGlobal
